// !$*UTF8*$!
{
	archiveVersion = 1;
	classes = {
	};
	objectVersion = 46;
	objects = {

/* Begin PBXBuildFile section */
		4413FEC91E94A92800BF3C0D /* AppDelegate.swift in Sources */ = {isa = PBXBuildFile; fileRef = 4413FEC81E94A92800BF3C0D /* AppDelegate.swift */; };
		4413FECB1E94A92800BF3C0D /* ViewController.swift in Sources */ = {isa = PBXBuildFile; fileRef = 4413FECA1E94A92800BF3C0D /* ViewController.swift */; };
		4413FECE1E94A92800BF3C0D /* Main.storyboard in Resources */ = {isa = PBXBuildFile; fileRef = 4413FECC1E94A92800BF3C0D /* Main.storyboard */; };
		4413FED01E94A92800BF3C0D /* Assets.xcassets in Resources */ = {isa = PBXBuildFile; fileRef = 4413FECF1E94A92800BF3C0D /* Assets.xcassets */; };
		4413FED31E94A92800BF3C0D /* LaunchScreen.storyboard in Resources */ = {isa = PBXBuildFile; fileRef = 4413FED11E94A92800BF3C0D /* LaunchScreen.storyboard */; };
		44BC2BF11E9D5FE900C8A5AE /* CalculatorBrain.swift in Sources */ = {isa = PBXBuildFile; fileRef = 44BC2BF01E9D5FE900C8A5AE /* CalculatorBrain.swift */; };
/* End PBXBuildFile section */

/* Begin PBXFileReference section */
		4413FEC51E94A92800BF3C0D /* My Calculator.app */ = {isa = PBXFileReference; explicitFileType = wrapper.application; includeInIndex = 0; path = "My Calculator.app"; sourceTree = BUILT_PRODUCTS_DIR; };
		4413FEC81E94A92800BF3C0D /* AppDelegate.swift */ = {isa = PBXFileReference; lastKnownFileType = sourcecode.swift; path = AppDelegate.swift; sourceTree = "<group>"; };
		4413FECA1E94A92800BF3C0D /* ViewController.swift */ = {isa = PBXFileReference; lastKnownFileType = sourcecode.swift; path = ViewController.swift; sourceTree = "<group>"; };
		4413FECD1E94A92800BF3C0D /* Base */ = {isa = PBXFileReference; lastKnownFileType = file.storyboard; name = Base; path = Base.lproj/Main.storyboard; sourceTree = "<group>"; };
		4413FECF1E94A92800BF3C0D /* Assets.xcassets */ = {isa = PBXFileReference; lastKnownFileType = folder.assetcatalog; path = Assets.xcassets; sourceTree = "<group>"; };
		4413FED21E94A92800BF3C0D /* Base */ = {isa = PBXFileReference; lastKnownFileType = file.storyboard; name = Base; path = Base.lproj/LaunchScreen.storyboard; sourceTree = "<group>"; };
		4413FED41E94A92800BF3C0D /* Info.plist */ = {isa = PBXFileReference; lastKnownFileType = text.plist.xml; path = Info.plist; sourceTree = "<group>"; };
		44BC2BF01E9D5FE900C8A5AE /* CalculatorBrain.swift */ = {isa = PBXFileReference; fileEncoding = 4; lastKnownFileType = sourcecode.swift; path = CalculatorBrain.swift; sourceTree = "<group>"; };
/* End PBXFileReference section */

/* Begin PBXFrameworksBuildPhase section */
		4413FEC21E94A92800BF3C0D /* Frameworks */ = {
			isa = PBXFrameworksBuildPhase;
			buildActionMask = 2147483647;
			files = (
			);
			runOnlyForDeploymentPostprocessing = 0;
		};
/* End PBXFrameworksBuildPhase section */

/* Begin PBXGroup section */
		4413FEBC1E94A92800BF3C0D = {
			isa = PBXGroup;
			children = (
				4413FEC71E94A92800BF3C0D /* My Calculator */,
				4413FEC61E94A92800BF3C0D /* Products */,
			);
			sourceTree = "<group>";
		};
		4413FEC61E94A92800BF3C0D /* Products */ = {
			isa = PBXGroup;
			children = (
				4413FEC51E94A92800BF3C0D /* My Calculator.app */,
			);
			name = Products;
			sourceTree = "<group>";
		};
		4413FEC71E94A92800BF3C0D /* My Calculator */ = {
			isa = PBXGroup;
			children = (
				4413FECA1E94A92800BF3C0D /* ViewController.swift */,
				4413FECC1E94A92800BF3C0D /* Main.storyboard */,
				4413FEDB1E94A98B00BF3C0D /* Supporting Files */,
				44BC2BF01E9D5FE900C8A5AE /* CalculatorBrain.swift */,
			);
			path = "My Calculator";
			sourceTree = "<group>";
		};
		4413FEDB1E94A98B00BF3C0D /* Supporting Files */ = {
			isa = PBXGroup;
			children = (
				4413FEC81E94A92800BF3C0D /* AppDelegate.swift */,
				4413FECF1E94A92800BF3C0D /* Assets.xcassets */,
				4413FED11E94A92800BF3C0D /* LaunchScreen.storyboard */,
				4413FED41E94A92800BF3C0D /* Info.plist */,
			);
			name = "Supporting Files";
			sourceTree = "<group>";
		};
/* End PBXGroup section */

/* Begin PBXNativeTarget section */
		4413FEC41E94A92800BF3C0D /* My Calculator */ = {
			isa = PBXNativeTarget;
			buildConfigurationList = 4413FED71E94A92800BF3C0D /* Build configuration list for PBXNativeTarget "My Calculator" */;
			buildPhases = (
				4413FEC11E94A92800BF3C0D /* Sources */,
				4413FEC21E94A92800BF3C0D /* Frameworks */,
				4413FEC31E94A92800BF3C0D /* Resources */,
			);
			buildRules = (
			);
			dependencies = (
			);
			name = "My Calculator";
			productName = "My Calculator";
			productReference = 4413FEC51E94A92800BF3C0D /* My Calculator.app */;
			productType = "com.apple.product-type.application";
		};
/* End PBXNativeTarget section */

/* Begin PBXProject section */
		4413FEBD1E94A92800BF3C0D /* Project object */ = {
			isa = PBXProject;
			attributes = {
				LastSwiftUpdateCheck = 0820;
				LastUpgradeCheck = 0820;
				ORGANIZATIONNAME = winstonlan;
				TargetAttributes = {
					4413FEC41E94A92800BF3C0D = {
						CreatedOnToolsVersion = 8.2.1;
						ProvisioningStyle = Automatic;
					};
				};
			};
			buildConfigurationList = 4413FEC01E94A92800BF3C0D /* Build configuration list for PBXProject "My Calculator" */;
			compatibilityVersion = "Xcode 3.2";
			developmentRegion = English;
			hasScannedForEncodings = 0;
			knownRegions = (
				en,
				Base,
			);
			mainGroup = 4413FEBC1E94A92800BF3C0D;
			productRefGroup = 4413FEC61E94A92800BF3C0D /* Products */;
			projectDirPath = "";
			projectRoot = "";
			targets = (
				4413FEC41E94A92800BF3C0D /* My Calculator */,
			);
		};
/* End PBXProject section */

/* Begin PBXResourcesBuildPhase section */
		4413FEC31E94A92800BF3C0D /* Resources */ = {
			isa = PBXResourcesBuildPhase;
			buildActionMask = 2147483647;
			files = (
				4413FED31E94A92800BF3C0D /* LaunchScreen.storyboard in Resources */,
				4413FED01E94A92800BF3C0D /* Assets.xcassets in Resources */,
				4413FECE1E94A92800BF3C0D /* Main.storyboard in Resources */,
			);
			runOnlyForDeploymentPostprocessing = 0;
		};
/* End PBXResourcesBuildPhase section */

/* Begin PBXSourcesBuildPhase section */
		4413FEC11E94A92800BF3C0D /* Sources */ = {
			isa = PBXSourcesBuildPhase;
			buildActionMask = 2147483647;
			files = (
				44BC2BF11E9D5FE900C8A5AE /* CalculatorBrain.swift in Sources */,
				4413FECB1E94A92800BF3C0D /* ViewController.swift in Sources */,
				4413FEC91E94A92800BF3C0D /* AppDelegate.swift in Sources */,
			);
			runOnlyForDeploymentPostprocessing = 0;
		};
/* End PBXSourcesBuildPhase section */

/* Begin PBXVariantGroup section */
		4413FECC1E94A92800BF3C0D /* Main.storyboard */ = {
			isa = PBXVariantGroup;
			children = (
				4413FECD1E94A92800BF3C0D /* Base */,
			);
			name = Main.storyboard;
			sourceTree = "<group>";
		};
		4413FED11E94A92800BF3C0D /* LaunchScreen.storyboard */ = {
			isa = PBXVariantGroup;
			children = (
				4413FED21E94A92800BF3C0D /* Base */,
			);
			name = LaunchScreen.storyboard;
			sourceTree = "<group>";
		};
/* End PBXVariantGroup section */

/* Begin XCBuildConfiguration section */
		4413FED51E94A92800BF3C0D /* Debug */ = {
			isa = XCBuildConfiguration;
			buildSettings = {
				ALWAYS_SEARCH_USER_PATHS = NO;
				CLANG_ANALYZER_NONNULL = YES;
				CLANG_CXX_LANGUAGE_STANDARD = "gnu++0x";
				CLANG_CXX_LIBRARY = "libc++";
				CLANG_ENABLE_MODULES = YES;
				CLANG_ENABLE_OBJC_ARC = YES;
				CLANG_WARN_BOOL_CONVERSION = YES;
				CLANG_WARN_CONSTANT_CONVERSION = YES;
				CLANG_WARN_DIRECT_OBJC_ISA_USAGE = YES_ERROR;
				CLANG_WARN_DOCUMENTATION_COMMENTS = YES;
				CLANG_WARN_EMPTY_BODY = YES;
				CLANG_WARN_ENUM_CONVERSION = YES;
				CLANG_WARN_INFINITE_RECURSION = YES;
				CLANG_WARN_INT_CONVERSION = YES;
				CLANG_WARN_OBJC_ROOT_CLASS = YES_ERROR;
				CLANG_WARN_SUSPICIOUS_MOVE = YES;
				CLANG_WARN_UNREACHABLE_CODE = YES;
				CLANG_WARN__DUPLICATE_METHOD_MATCH = YES;
				"CODE_SIGN_IDENTITY[sdk=iphoneos*]" = "iPhone Developer";
				COPY_PHASE_STRIP = NO;
				DEBUG_INFORMATION_FORMAT = dwarf;
				ENABLE_STRICT_OBJC_MSGSEND = YES;
				ENABLE_TESTABILITY = YES;
				GCC_C_LANGUAGE_STANDARD = gnu99;
				GCC_DYNAMIC_NO_PIC = NO;
				GCC_NO_COMMON_BLOCKS = YES;
				GCC_OPTIMIZATION_LEVEL = 0;
				GCC_PREPROCESSOR_DEFINITIONS = (
					"DEBUG=1",
					"$(inherited)",
				);
				GCC_WARN_64_TO_32_BIT_CONVERSION = YES;
				GCC_WARN_ABOUT_RETURN_TYPE = YES_ERROR;
				GCC_WARN_UNDECLARED_SELECTOR = YES;
				GCC_WARN_UNINITIALIZED_AUTOS = YES_AGGRESSIVE;
				GCC_WARN_UNUSED_FUNCTION = YES;
				GCC_WARN_UNUSED_VARIABLE = YES;
				IPHONEOS_DEPLOYMENT_TARGET = 10.2;
				MTL_ENABLE_DEBUG_INFO = YES;
				ONLY_ACTIVE_ARCH = YES;
				SDKROOT = iphoneos;
				SWIFT_ACTIVE_COMPILATION_CONDITIONS = DEBUG;
				SWIFT_OPTIMIZATION_LEVEL = "-Onone";
			};
			name = Debug;
		};
		4413FED61E94A92800BF3C0D /* Release */ = {
			isa = XCBuildConfiguration;
			buildSettings = {
				ALWAYS_SEARCH_USER_PATHS = NO;
				CLANG_ANALYZER_NONNULL = YES;
				CLANG_CXX_LANGUAGE_STANDARD = "gnu++0x";
				CLANG_CXX_LIBRARY = "libc++";
				CLANG_ENABLE_MODULES = YES;
				CLANG_ENABLE_OBJC_ARC = YES;
				CLANG_WARN_BOOL_CONVERSION = YES;
				CLANG_WARN_CONSTANT_CONVERSION = YES;
				CLANG_WARN_DIRECT_OBJC_ISA_USAGE = YES_ERROR;
				CLANG_WARN_DOCUMENTATION_COMMENTS = YES;
				CLANG_WARN_EMPTY_BODY = YES;
				CLANG_WARN_ENUM_CONVERSION = YES;
				CLANG_WARN_INFINITE_RECURSION = YES;
				CLANG_WARN_INT_CONVERSION = YES;
				CLANG_WARN_OBJC_ROOT_CLASS = YES_ERROR;
				CLANG_WARN_SUSPICIOUS_MOVE = YES;
				CLANG_WARN_UNREACHABLE_CODE = YES;
				CLANG_WARN__DUPLICATE_METHOD_MATCH = YES;
				"CODE_SIGN_IDENTITY[sdk=iphoneos*]" = "iPhone Developer";
				COPY_PHASE_STRIP = NO;
				DEBUG_INFORMATION_FORMAT = "dwarf-with-dsym";
				ENABLE_NS_ASSERTIONS = NO;
				ENABLE_STRICT_OBJC_MSGSEND = YES;
				GCC_C_LANGUAGE_STANDARD = gnu99;
				GCC_NO_COMMON_BLOCKS = YES;
				GCC_WARN_64_TO_32_BIT_CONVERSION = YES;
				GCC_WARN_ABOUT_RETURN_TYPE = YES_ERROR;
				GCC_WARN_UNDECLARED_SELECTOR = YES;
				GCC_WARN_UNINITIALIZED_AUTOS = YES_AGGRESSIVE;
				GCC_WARN_UNUSED_FUNCTION = YES;
				GCC_WARN_UNUSED_VARIABLE = YES;
				IPHONEOS_DEPLOYMENT_TARGET = 10.2;
				MTL_ENABLE_DEBUG_INFO = NO;
				SDKROOT = iphoneos;
				SWIFT_OPTIMIZATION_LEVEL = "-Owholemodule";
				VALIDATE_PRODUCT = YES;
			};
			name = Release;
		};
		4413FED81E94A92800BF3C0D /* Debug */ = {
			isa = XCBuildConfiguration;
			buildSettings = {
				ASSETCATALOG_COMPILER_APPICON_NAME = AppIcon;
				INFOPLIST_FILE = "My Calculator/Info.plist";
				LD_RUNPATH_SEARCH_PATHS = "$(inherited) @executable_path/Frameworks";
				PRODUCT_BUNDLE_IDENTIFIER = "edu.uci.wclan.My-Calculator";
				PRODUCT_NAME = "$(TARGET_NAME)";
				SWIFT_VERSION = 3.0;
			};
			name = Debug;
		};
		4413FED91E94A92800BF3C0D /* Release */ = {
			isa = XCBuildConfiguration;
			buildSettings = {
				ASSETCATALOG_COMPILER_APPICON_NAME = AppIcon;
				INFOPLIST_FILE = "My Calculator/Info.plist";
				LD_RUNPATH_SEARCH_PATHS = "$(inherited) @executable_path/Frameworks";
				PRODUCT_BUNDLE_IDENTIFIER = "edu.uci.wclan.My-Calculator";
				PRODUCT_NAME = "$(TARGET_NAME)";
				SWIFT_VERSION = 3.0;
			};
			name = Release;
		};
/* End XCBuildConfiguration section */

/* Begin XCConfigurationList section */
		4413FEC01E94A92800BF3C0D /* Build configuration list for PBXProject "My Calculator" */ = {
			isa = XCConfigurationList;
			buildConfigurations = (
				4413FED51E94A92800BF3C0D /* Debug */,
				4413FED61E94A92800BF3C0D /* Release */,
			);
			defaultConfigurationIsVisible = 0;
			defaultConfigurationName = Release;
		};
		4413FED71E94A92800BF3C0D /* Build configuration list for PBXNativeTarget "My Calculator" */ = {
			isa = XCConfigurationList;
			buildConfigurations = (
				4413FED81E94A92800BF3C0D /* Debug */,
				4413FED91E94A92800BF3C0D /* Release */,
			);
			defaultConfigurationIsVisible = 0;
			defaultConfigurationName = Release;
		};
/* End XCConfigurationList section */
	};
	rootObject = 4413FEBD1E94A92800BF3C0D /* Project object */;
}
